
Microsoft Visual Studio Solution File, Format Version 12.00
# Visual Studio Version 16
VisualStudioVersion = 16.0.32228.343
MinimumVisualStudioVersion = 10.0.40219.1
Project("{FAE04EC0-301F-11D3-BF4B-00C04F79EFBC}") = "CinemaBooking", "CinemaBooking\CinemaBooking.csproj", "{D0AC2BA4-A204-49B3-AB1F-460B660F1ADD}"
EndProject
Global
	GlobalSection(SolutionConfigurationPlatforms) = preSolution
		Debug|Any CPU = Debug|Any CPU
		Release|Any CPU = Release|Any CPU
	EndGlobalSection
	GlobalSection(ProjectConfigurationPlatforms) = postSolution
		{D0AC2BA4-A204-49B3-AB1F-460B660F1ADD}.Debug|Any CPU.ActiveCfg = Debug|Any CPU
		{D0AC2BA4-A204-49B3-AB1F-460B660F1ADD}.Debug|Any CPU.Build.0 = Debug|Any CPU
		{D0AC2BA4-A204-49B3-AB1F-460B660F1ADD}.Release|Any CPU.ActiveCfg = Release|Any CPU
		{D0AC2BA4-A204-49B3-AB1F-460B660F1ADD}.Release|Any CPU.Build.0 = Release|Any CPU
	EndGlobalSection
	GlobalSection(SolutionProperties) = preSolution
		HideSolutionNode = FALSE
	EndGlobalSection
	GlobalSection(ExtensibilityGlobals) = postSolution
		SolutionGuid = {D15A7F70-A0B3-425F-B37F-47D5C28ABA8C}
	EndGlobalSection
EndGlobal
